
Microsoft Visual Studio Solution File, Format Version 12.00
# Visual Studio Version 16
VisualStudioVersion = 16.0.30002.166
MinimumVisualStudioVersion = 10.0.40219.1
Project("{FAE04EC0-301F-11D3-BF4B-00C04F79EFBC}") = "Projeto Bingo2020_v1.0", "Projeto Bingo2020_v1.0.csproj", "{D820DC08-A22D-4271-B486-C0698511FB18}"
EndProject
Global
	GlobalSection(SolutionConfigurationPlatforms) = preSolution
		Debug|Any CPU = Debug|Any CPU
		Release|Any CPU = Release|Any CPU
	EndGlobalSection
	GlobalSection(ProjectConfigurationPlatforms) = postSolution
		{D820DC08-A22D-4271-B486-C0698511FB18}.Debug|Any CPU.ActiveCfg = Debug|Any CPU
		{D820DC08-A22D-4271-B486-C0698511FB18}.Debug|Any CPU.Build.0 = Debug|Any CPU
		{D820DC08-A22D-4271-B486-C0698511FB18}.Release|Any CPU.ActiveCfg = Release|Any CPU
		{D820DC08-A22D-4271-B486-C0698511FB18}.Release|Any CPU.Build.0 = Release|Any CPU
	EndGlobalSection
	GlobalSection(SolutionProperties) = preSolution
		HideSolutionNode = FALSE
	EndGlobalSection
	GlobalSection(ExtensibilityGlobals) = postSolution
		SolutionGuid = {85199CAF-7DD6-4088-8A63-F133D22F74C1}
	EndGlobalSection
EndGlobal
